
Microsoft Visual Studio Solution File, Format Version 12.00
# Visual Studio 15
Project("{FAE04EC0-301F-11D3-BF4B-00C04F79EFBC}") = "Assembly-CSharp", "Assembly-CSharp.csproj", "{621CED99-DB49-FC11-9BA4-7984307C3309}"
EndProject
Global
	GlobalSection(SolutionConfigurationPlatforms) = preSolution
		Debug|Any CPU = Debug|Any CPU
		Release|Any CPU = Release|Any CPU
	EndGlobalSection
	GlobalSection(ProjectConfigurationPlatforms) = postSolution
		{621CED99-DB49-FC11-9BA4-7984307C3309}.Debug|Any CPU.ActiveCfg = Debug|Any CPU
		{621CED99-DB49-FC11-9BA4-7984307C3309}.Debug|Any CPU.Build.0 = Debug|Any CPU
		{621CED99-DB49-FC11-9BA4-7984307C3309}.Release|Any CPU.ActiveCfg = Release|Any CPU
		{621CED99-DB49-FC11-9BA4-7984307C3309}.Release|Any CPU.Build.0 = Release|Any CPU
	EndGlobalSection
	GlobalSection(SolutionProperties) = preSolution
		HideSolutionNode = FALSE
	EndGlobalSection
	GlobalSection(MonoDevelopProperties) = preSolution
		StartupItem = Assembly-CSharp.csproj
	EndGlobalSection
EndGlobal
